
Microsoft Visual Studio Solution File, Format Version 12.00
# Visual Studio 15
VisualStudioVersion = 15.0.26730.16
MinimumVisualStudioVersion = 10.0.40219.1
Project("{FAE04EC0-301F-11D3-BF4B-00C04F79EFBC}") = "HD_Scenario", "HD_Scenario\HD_Scenario.csproj", "{DBC6215C-496E-44B8-96E9-95CD3DCE1BE7}"
EndProject
Global
	GlobalSection(SolutionConfigurationPlatforms) = preSolution
		Debug|Any CPU = Debug|Any CPU
		Release|Any CPU = Release|Any CPU
	EndGlobalSection
	GlobalSection(ProjectConfigurationPlatforms) = postSolution
		{DBC6215C-496E-44B8-96E9-95CD3DCE1BE7}.Debug|Any CPU.ActiveCfg = Debug|Any CPU
		{DBC6215C-496E-44B8-96E9-95CD3DCE1BE7}.Debug|Any CPU.Build.0 = Debug|Any CPU
		{DBC6215C-496E-44B8-96E9-95CD3DCE1BE7}.Release|Any CPU.ActiveCfg = Release|Any CPU
		{DBC6215C-496E-44B8-96E9-95CD3DCE1BE7}.Release|Any CPU.Build.0 = Release|Any CPU
	EndGlobalSection
	GlobalSection(SolutionProperties) = preSolution
		HideSolutionNode = FALSE
	EndGlobalSection
	GlobalSection(ExtensibilityGlobals) = postSolution
		SolutionGuid = {9D6AC2A4-5F52-44DE-BA21-147BB9CF542D}
	EndGlobalSection
EndGlobal
